// !$*UTF8*$!
{
	archiveVersion = 1;
	classes = {
	};
	objectVersion = 56;
	objects = {

/* Begin PBXBuildFile section */
		A861FB2129ED27D6001F2777 /* NadirCard.swift in Sources */ = {isa = PBXBuildFile; fileRef = A861FB2029ED27D6001F2777 /* NadirCard.swift */; };
		A861FB2529ED2913001F2777 /* InfoView.swift in Sources */ = {isa = PBXBuildFile; fileRef = A861FB2429ED2913001F2777 /* InfoView.swift */; };
		A861FB2829ED29E7001F2777 /* Pacifico-Regular.ttf in Resources */ = {isa = PBXBuildFile; fileRef = A861FB2729ED29E6001F2777 /* Pacifico-Regular.ttf */; };
		A8D19CE929EC4AF100473ACE /* Swift_UIApp.swift in Sources */ = {isa = PBXBuildFile; fileRef = A8D19CE829EC4AF100473ACE /* Swift_UIApp.swift */; };
		A8D19CEB29EC4AF100473ACE /* ContentView.swift in Sources */ = {isa = PBXBuildFile; fileRef = A8D19CEA29EC4AF100473ACE /* ContentView.swift */; };
		A8D19CED29EC4AF400473ACE /* Assets.xcassets in Resources */ = {isa = PBXBuildFile; fileRef = A8D19CEC29EC4AF400473ACE /* Assets.xcassets */; };
		A8D19CF029EC4AF400473ACE /* Preview Assets.xcassets in Resources */ = {isa = PBXBuildFile; fileRef = A8D19CEF29EC4AF400473ACE /* Preview Assets.xcassets */; };
		A8D19CF729EC4B7900473ACE /* IAmRich.swift in Sources */ = {isa = PBXBuildFile; fileRef = A8D19CF629EC4B7900473ACE /* IAmRich.swift */; };
		A8D19CF929EC4BAF00473ACE /* TextSwiftUI.swift in Sources */ = {isa = PBXBuildFile; fileRef = A8D19CF829EC4BAF00473ACE /* TextSwiftUI.swift */; };
		A8E24C3F29EC58990061A1C0 /* ShapeSwiftUI.swift in Sources */ = {isa = PBXBuildFile; fileRef = A8E24C3E29EC58990061A1C0 /* ShapeSwiftUI.swift */; };
		A8E24C4129EC5C8B0061A1C0 /* ToggleButtonSwiftUI.swift in Sources */ = {isa = PBXBuildFile; fileRef = A8E24C4029EC5C8B0061A1C0 /* ToggleButtonSwiftUI.swift */; };
		A8E24C4329EC5F670061A1C0 /* ImageSwiftUI.swift in Sources */ = {isa = PBXBuildFile; fileRef = A8E24C4229EC5F660061A1C0 /* ImageSwiftUI.swift */; };
		A8E24C4729EC67730061A1C0 /* TextFieldSwiftUI.swift in Sources */ = {isa = PBXBuildFile; fileRef = A8E24C4629EC67730061A1C0 /* TextFieldSwiftUI.swift */; };
/* End PBXBuildFile section */

/* Begin PBXFileReference section */
		A861FB2029ED27D6001F2777 /* NadirCard.swift */ = {isa = PBXFileReference; lastKnownFileType = sourcecode.swift; path = NadirCard.swift; sourceTree = "<group>"; };
		A861FB2429ED2913001F2777 /* InfoView.swift */ = {isa = PBXFileReference; lastKnownFileType = sourcecode.swift; path = InfoView.swift; sourceTree = "<group>"; };
		A861FB2729ED29E6001F2777 /* Pacifico-Regular.ttf */ = {isa = PBXFileReference; lastKnownFileType = file; name = "Pacifico-Regular.ttf"; path = "../../../Nadir Card App/Nadir Card App/fonts/Pacifico-Regular.ttf"; sourceTree = "<group>"; };
		A8D19CE529EC4AF000473ACE /* Swift UI.app */ = {isa = PBXFileReference; explicitFileType = wrapper.application; includeInIndex = 0; path = "Swift UI.app"; sourceTree = BUILT_PRODUCTS_DIR; };
		A8D19CE829EC4AF100473ACE /* Swift_UIApp.swift */ = {isa = PBXFileReference; lastKnownFileType = sourcecode.swift; path = Swift_UIApp.swift; sourceTree = "<group>"; };
		A8D19CEA29EC4AF100473ACE /* ContentView.swift */ = {isa = PBXFileReference; lastKnownFileType = sourcecode.swift; path = ContentView.swift; sourceTree = "<group>"; };
		A8D19CEC29EC4AF400473ACE /* Assets.xcassets */ = {isa = PBXFileReference; lastKnownFileType = folder.assetcatalog; path = Assets.xcassets; sourceTree = "<group>"; };
		A8D19CEF29EC4AF400473ACE /* Preview Assets.xcassets */ = {isa = PBXFileReference; lastKnownFileType = folder.assetcatalog; path = "Preview Assets.xcassets"; sourceTree = "<group>"; };
		A8D19CF629EC4B7900473ACE /* IAmRich.swift */ = {isa = PBXFileReference; lastKnownFileType = sourcecode.swift; path = IAmRich.swift; sourceTree = "<group>"; };
		A8D19CF829EC4BAF00473ACE /* TextSwiftUI.swift */ = {isa = PBXFileReference; lastKnownFileType = sourcecode.swift; path = TextSwiftUI.swift; sourceTree = "<group>"; };
		A8E24C3E29EC58990061A1C0 /* ShapeSwiftUI.swift */ = {isa = PBXFileReference; lastKnownFileType = sourcecode.swift; path = ShapeSwiftUI.swift; sourceTree = "<group>"; };
		A8E24C4029EC5C8B0061A1C0 /* ToggleButtonSwiftUI.swift */ = {isa = PBXFileReference; lastKnownFileType = sourcecode.swift; path = ToggleButtonSwiftUI.swift; sourceTree = "<group>"; };
		A8E24C4229EC5F660061A1C0 /* ImageSwiftUI.swift */ = {isa = PBXFileReference; lastKnownFileType = sourcecode.swift; path = ImageSwiftUI.swift; sourceTree = "<group>"; };
		A8E24C4629EC67730061A1C0 /* TextFieldSwiftUI.swift */ = {isa = PBXFileReference; lastKnownFileType = sourcecode.swift; path = TextFieldSwiftUI.swift; sourceTree = "<group>"; };
/* End PBXFileReference section */

/* Begin PBXFrameworksBuildPhase section */
		A8D19CE229EC4AF000473ACE /* Frameworks */ = {
			isa = PBXFrameworksBuildPhase;
			buildActionMask = 2147483647;
			files = (
			);
			runOnlyForDeploymentPostprocessing = 0;
		};
/* End PBXFrameworksBuildPhase section */

/* Begin PBXGroup section */
		A861FB2229ED28B1001F2777 /* IAmRichApp */ = {
			isa = PBXGroup;
			children = (
				A8D19CF629EC4B7900473ACE /* IAmRich.swift */,
			);
			path = IAmRichApp;
			sourceTree = "<group>";
		};
		A861FB2329ED28BF001F2777 /* NadirCardApp */ = {
			isa = PBXGroup;
			children = (
				A861FB2029ED27D6001F2777 /* NadirCard.swift */,
				A861FB2429ED2913001F2777 /* InfoView.swift */,
			);
			path = NadirCardApp;
			sourceTree = "<group>";
		};
		A861FB2629ED29BD001F2777 /* fonts */ = {
			isa = PBXGroup;
			children = (
				A861FB2729ED29E6001F2777 /* Pacifico-Regular.ttf */,
			);
			path = fonts;
			sourceTree = "<group>";
		};
		A8D19CDC29EC4AF000473ACE = {
			isa = PBXGroup;
			children = (
				A8D19CE729EC4AF000473ACE /* Swift UI */,
				A8D19CE629EC4AF000473ACE /* Products */,
			);
			sourceTree = "<group>";
		};
		A8D19CE629EC4AF000473ACE /* Products */ = {
			isa = PBXGroup;
			children = (
				A8D19CE529EC4AF000473ACE /* Swift UI.app */,
			);
			name = Products;
			sourceTree = "<group>";
		};
		A8D19CE729EC4AF000473ACE /* Swift UI */ = {
			isa = PBXGroup;
			children = (
				A861FB2629ED29BD001F2777 /* fonts */,
				A8D19CFA29EC54B500473ACE /* Projects */,
				A8D19CFB29EC54C200473ACE /* Extras */,
				A8D19CE829EC4AF100473ACE /* Swift_UIApp.swift */,
				A8D19CEA29EC4AF100473ACE /* ContentView.swift */,
				A8D19CEC29EC4AF400473ACE /* Assets.xcassets */,
				A8D19CEE29EC4AF400473ACE /* Preview Content */,
			);
			path = "Swift UI";
			sourceTree = "<group>";
		};
		A8D19CEE29EC4AF400473ACE /* Preview Content */ = {
			isa = PBXGroup;
			children = (
				A8D19CEF29EC4AF400473ACE /* Preview Assets.xcassets */,
			);
			path = "Preview Content";
			sourceTree = "<group>";
		};
		A8D19CFA29EC54B500473ACE /* Projects */ = {
			isa = PBXGroup;
			children = (
				A861FB2229ED28B1001F2777 /* IAmRichApp */,
				A861FB2329ED28BF001F2777 /* NadirCardApp */,
			);
			path = Projects;
			sourceTree = "<group>";
		};
		A8D19CFB29EC54C200473ACE /* Extras */ = {
			isa = PBXGroup;
			children = (
				A8D19CF829EC4BAF00473ACE /* TextSwiftUI.swift */,
				A8E24C4629EC67730061A1C0 /* TextFieldSwiftUI.swift */,
				A8E24C4229EC5F660061A1C0 /* ImageSwiftUI.swift */,
				A8E24C4029EC5C8B0061A1C0 /* ToggleButtonSwiftUI.swift */,
				A8E24C3E29EC58990061A1C0 /* ShapeSwiftUI.swift */,
			);
			path = Extras;
			sourceTree = "<group>";
		};
/* End PBXGroup section */

/* Begin PBXNativeTarget section */
		A8D19CE429EC4AF000473ACE /* Swift UI */ = {
			isa = PBXNativeTarget;
			buildConfigurationList = A8D19CF329EC4AF400473ACE /* Build configuration list for PBXNativeTarget "Swift UI" */;
			buildPhases = (
				A8D19CE129EC4AF000473ACE /* Sources */,
				A8D19CE229EC4AF000473ACE /* Frameworks */,
				A8D19CE329EC4AF000473ACE /* Resources */,
			);
			buildRules = (
			);
			dependencies = (
			);
			name = "Swift UI";
			productName = "Swift UI";
			productReference = A8D19CE529EC4AF000473ACE /* Swift UI.app */;
			productType = "com.apple.product-type.application";
		};
/* End PBXNativeTarget section */

/* Begin PBXProject section */
		A8D19CDD29EC4AF000473ACE /* Project object */ = {
			isa = PBXProject;
			attributes = {
				BuildIndependentTargetsInParallel = 1;
				LastSwiftUpdateCheck = 1420;
				LastUpgradeCheck = 1420;
				TargetAttributes = {
					A8D19CE429EC4AF000473ACE = {
						CreatedOnToolsVersion = 14.2;
					};
				};
			};
			buildConfigurationList = A8D19CE029EC4AF000473ACE /* Build configuration list for PBXProject "Swift UI" */;
			compatibilityVersion = "Xcode 14.0";
			developmentRegion = en;
			hasScannedForEncodings = 0;
			knownRegions = (
				en,
				Base,
			);
			mainGroup = A8D19CDC29EC4AF000473ACE;
			productRefGroup = A8D19CE629EC4AF000473ACE /* Products */;
			projectDirPath = "";
			projectRoot = "";
			targets = (
				A8D19CE429EC4AF000473ACE /* Swift UI */,
			);
		};
/* End PBXProject section */

/* Begin PBXResourcesBuildPhase section */
		A8D19CE329EC4AF000473ACE /* Resources */ = {
			isa = PBXResourcesBuildPhase;
			buildActionMask = 2147483647;
			files = (
				A861FB2829ED29E7001F2777 /* Pacifico-Regular.ttf in Resources */,
				A8D19CF029EC4AF400473ACE /* Preview Assets.xcassets in Resources */,
				A8D19CED29EC4AF400473ACE /* Assets.xcassets in Resources */,
			);
			runOnlyForDeploymentPostprocessing = 0;
		};
/* End PBXResourcesBuildPhase section */

/* Begin PBXSourcesBuildPhase section */
		A8D19CE129EC4AF000473ACE /* Sources */ = {
			isa = PBXSourcesBuildPhase;
			buildActionMask = 2147483647;
			files = (
				A8D19CF929EC4BAF00473ACE /* TextSwiftUI.swift in Sources */,
				A8D19CEB29EC4AF100473ACE /* ContentView.swift in Sources */,
				A861FB2129ED27D6001F2777 /* NadirCard.swift in Sources */,
				A8E24C4329EC5F670061A1C0 /* ImageSwiftUI.swift in Sources */,
				A8D19CF729EC4B7900473ACE /* IAmRich.swift in Sources */,
				A8E24C3F29EC58990061A1C0 /* ShapeSwiftUI.swift in Sources */,
				A8E24C4729EC67730061A1C0 /* TextFieldSwiftUI.swift in Sources */,
				A8D19CE929EC4AF100473ACE /* Swift_UIApp.swift in Sources */,
				A861FB2529ED2913001F2777 /* InfoView.swift in Sources */,
				A8E24C4129EC5C8B0061A1C0 /* ToggleButtonSwiftUI.swift in Sources */,
			);
			runOnlyForDeploymentPostprocessing = 0;
		};
/* End PBXSourcesBuildPhase section */

/* Begin XCBuildConfiguration section */
		A8D19CF129EC4AF400473ACE /* Debug */ = {
			isa = XCBuildConfiguration;
			buildSettings = {
				ALWAYS_SEARCH_USER_PATHS = NO;
				CLANG_ANALYZER_NONNULL = YES;
				CLANG_ANALYZER_NUMBER_OBJECT_CONVERSION = YES_AGGRESSIVE;
				CLANG_CXX_LANGUAGE_STANDARD = "gnu++20";
				CLANG_ENABLE_MODULES = YES;
				CLANG_ENABLE_OBJC_ARC = YES;
				CLANG_ENABLE_OBJC_WEAK = YES;
				CLANG_WARN_BLOCK_CAPTURE_AUTORELEASING = YES;
				CLANG_WARN_BOOL_CONVERSION = YES;
				CLANG_WARN_COMMA = YES;
				CLANG_WARN_CONSTANT_CONVERSION = YES;
				CLANG_WARN_DEPRECATED_OBJC_IMPLEMENTATIONS = YES;
				CLANG_WARN_DIRECT_OBJC_ISA_USAGE = YES_ERROR;
				CLANG_WARN_DOCUMENTATION_COMMENTS = YES;
				CLANG_WARN_EMPTY_BODY = YES;
				CLANG_WARN_ENUM_CONVERSION = YES;
				CLANG_WARN_INFINITE_RECURSION = YES;
				CLANG_WARN_INT_CONVERSION = YES;
				CLANG_WARN_NON_LITERAL_NULL_CONVERSION = YES;
				CLANG_WARN_OBJC_IMPLICIT_RETAIN_SELF = YES;
				CLANG_WARN_OBJC_LITERAL_CONVERSION = YES;
				CLANG_WARN_OBJC_ROOT_CLASS = YES_ERROR;
				CLANG_WARN_QUOTED_INCLUDE_IN_FRAMEWORK_HEADER = YES;
				CLANG_WARN_RANGE_LOOP_ANALYSIS = YES;
				CLANG_WARN_STRICT_PROTOTYPES = YES;
				CLANG_WARN_SUSPICIOUS_MOVE = YES;
				CLANG_WARN_UNGUARDED_AVAILABILITY = YES_AGGRESSIVE;
				CLANG_WARN_UNREACHABLE_CODE = YES;
				CLANG_WARN__DUPLICATE_METHOD_MATCH = YES;
				COPY_PHASE_STRIP = NO;
				DEBUG_INFORMATION_FORMAT = dwarf;
				ENABLE_STRICT_OBJC_MSGSEND = YES;
				ENABLE_TESTABILITY = YES;
				GCC_C_LANGUAGE_STANDARD = gnu11;
				GCC_DYNAMIC_NO_PIC = NO;
				GCC_NO_COMMON_BLOCKS = YES;
				GCC_OPTIMIZATION_LEVEL = 0;
				GCC_PREPROCESSOR_DEFINITIONS = (
					"DEBUG=1",
					"$(inherited)",
				);
				GCC_WARN_64_TO_32_BIT_CONVERSION = YES;
				GCC_WARN_ABOUT_RETURN_TYPE = YES_ERROR;
				GCC_WARN_UNDECLARED_SELECTOR = YES;
				GCC_WARN_UNINITIALIZED_AUTOS = YES_AGGRESSIVE;
				GCC_WARN_UNUSED_FUNCTION = YES;
				GCC_WARN_UNUSED_VARIABLE = YES;
				IPHONEOS_DEPLOYMENT_TARGET = 16.2;
				MTL_ENABLE_DEBUG_INFO = INCLUDE_SOURCE;
				MTL_FAST_MATH = YES;
				ONLY_ACTIVE_ARCH = YES;
				SDKROOT = iphoneos;
				SWIFT_ACTIVE_COMPILATION_CONDITIONS = DEBUG;
				SWIFT_OPTIMIZATION_LEVEL = "-Onone";
			};
			name = Debug;
		};
		A8D19CF229EC4AF400473ACE /* Release */ = {
			isa = XCBuildConfiguration;
			buildSettings = {
				ALWAYS_SEARCH_USER_PATHS = NO;
				CLANG_ANALYZER_NONNULL = YES;
				CLANG_ANALYZER_NUMBER_OBJECT_CONVERSION = YES_AGGRESSIVE;
				CLANG_CXX_LANGUAGE_STANDARD = "gnu++20";
				CLANG_ENABLE_MODULES = YES;
				CLANG_ENABLE_OBJC_ARC = YES;
				CLANG_ENABLE_OBJC_WEAK = YES;
				CLANG_WARN_BLOCK_CAPTURE_AUTORELEASING = YES;
				CLANG_WARN_BOOL_CONVERSION = YES;
				CLANG_WARN_COMMA = YES;
				CLANG_WARN_CONSTANT_CONVERSION = YES;
				CLANG_WARN_DEPRECATED_OBJC_IMPLEMENTATIONS = YES;
				CLANG_WARN_DIRECT_OBJC_ISA_USAGE = YES_ERROR;
				CLANG_WARN_DOCUMENTATION_COMMENTS = YES;
				CLANG_WARN_EMPTY_BODY = YES;
				CLANG_WARN_ENUM_CONVERSION = YES;
				CLANG_WARN_INFINITE_RECURSION = YES;
				CLANG_WARN_INT_CONVERSION = YES;
				CLANG_WARN_NON_LITERAL_NULL_CONVERSION = YES;
				CLANG_WARN_OBJC_IMPLICIT_RETAIN_SELF = YES;
				CLANG_WARN_OBJC_LITERAL_CONVERSION = YES;
				CLANG_WARN_OBJC_ROOT_CLASS = YES_ERROR;
				CLANG_WARN_QUOTED_INCLUDE_IN_FRAMEWORK_HEADER = YES;
				CLANG_WARN_RANGE_LOOP_ANALYSIS = YES;
				CLANG_WARN_STRICT_PROTOTYPES = YES;
				CLANG_WARN_SUSPICIOUS_MOVE = YES;
				CLANG_WARN_UNGUARDED_AVAILABILITY = YES_AGGRESSIVE;
				CLANG_WARN_UNREACHABLE_CODE = YES;
				CLANG_WARN__DUPLICATE_METHOD_MATCH = YES;
				COPY_PHASE_STRIP = NO;
				DEBUG_INFORMATION_FORMAT = "dwarf-with-dsym";
				ENABLE_NS_ASSERTIONS = NO;
				ENABLE_STRICT_OBJC_MSGSEND = YES;
				GCC_C_LANGUAGE_STANDARD = gnu11;
				GCC_NO_COMMON_BLOCKS = YES;
				GCC_WARN_64_TO_32_BIT_CONVERSION = YES;
				GCC_WARN_ABOUT_RETURN_TYPE = YES_ERROR;
				GCC_WARN_UNDECLARED_SELECTOR = YES;
				GCC_WARN_UNINITIALIZED_AUTOS = YES_AGGRESSIVE;
				GCC_WARN_UNUSED_FUNCTION = YES;
				GCC_WARN_UNUSED_VARIABLE = YES;
				IPHONEOS_DEPLOYMENT_TARGET = 16.2;
				MTL_ENABLE_DEBUG_INFO = NO;
				MTL_FAST_MATH = YES;
				SDKROOT = iphoneos;
				SWIFT_COMPILATION_MODE = wholemodule;
				SWIFT_OPTIMIZATION_LEVEL = "-O";
				VALIDATE_PRODUCT = YES;
			};
			name = Release;
		};
		A8D19CF429EC4AF400473ACE /* Debug */ = {
			isa = XCBuildConfiguration;
			buildSettings = {
				ASSETCATALOG_COMPILER_APPICON_NAME = AppIcon;
				ASSETCATALOG_COMPILER_GLOBAL_ACCENT_COLOR_NAME = AccentColor;
				CODE_SIGN_STYLE = Automatic;
				CURRENT_PROJECT_VERSION = 1;
				DEVELOPMENT_ASSET_PATHS = "\"Swift UI/Preview Content\"";
				DEVELOPMENT_TEAM = Z67FLWTBP4;
				ENABLE_PREVIEWS = YES;
				GENERATE_INFOPLIST_FILE = YES;
				INFOPLIST_FILE = "Swift-UI-Info.plist";
				INFOPLIST_KEY_LSApplicationCategoryType = "";
				INFOPLIST_KEY_UIApplicationSceneManifest_Generation = YES;
				INFOPLIST_KEY_UIApplicationSupportsIndirectInputEvents = YES;
				INFOPLIST_KEY_UILaunchScreen_Generation = YES;
				INFOPLIST_KEY_UISupportedInterfaceOrientations_iPad = "UIInterfaceOrientationPortrait UIInterfaceOrientationPortraitUpsideDown UIInterfaceOrientationLandscapeLeft UIInterfaceOrientationLandscapeRight";
				INFOPLIST_KEY_UISupportedInterfaceOrientations_iPhone = "UIInterfaceOrientationPortrait UIInterfaceOrientationLandscapeLeft UIInterfaceOrientationLandscapeRight";
				IPHONEOS_DEPLOYMENT_TARGET = 16.0;
				LD_RUNPATH_SEARCH_PATHS = (
					"$(inherited)",
					"@executable_path/Frameworks",
				);
				MARKETING_VERSION = 1.0;
				PRODUCT_BUNDLE_IDENTIFIER = com.lonewolfnadhu.SwiftUI;
				PRODUCT_NAME = "$(TARGET_NAME)";
				SWIFT_EMIT_LOC_STRINGS = YES;
				SWIFT_VERSION = 5.0;
				TARGETED_DEVICE_FAMILY = "1,2";
			};
			name = Debug;
		};
		A8D19CF529EC4AF400473ACE /* Release */ = {
			isa = XCBuildConfiguration;
			buildSettings = {
				ASSETCATALOG_COMPILER_APPICON_NAME = AppIcon;
				ASSETCATALOG_COMPILER_GLOBAL_ACCENT_COLOR_NAME = AccentColor;
				CODE_SIGN_STYLE = Automatic;
				CURRENT_PROJECT_VERSION = 1;
				DEVELOPMENT_ASSET_PATHS = "\"Swift UI/Preview Content\"";
				DEVELOPMENT_TEAM = Z67FLWTBP4;
				ENABLE_PREVIEWS = YES;
				GENERATE_INFOPLIST_FILE = YES;
				INFOPLIST_FILE = "Swift-UI-Info.plist";
				INFOPLIST_KEY_LSApplicationCategoryType = "";
				INFOPLIST_KEY_UIApplicationSceneManifest_Generation = YES;
				INFOPLIST_KEY_UIApplicationSupportsIndirectInputEvents = YES;
				INFOPLIST_KEY_UILaunchScreen_Generation = YES;
				INFOPLIST_KEY_UISupportedInterfaceOrientations_iPad = "UIInterfaceOrientationPortrait UIInterfaceOrientationPortraitUpsideDown UIInterfaceOrientationLandscapeLeft UIInterfaceOrientationLandscapeRight";
				INFOPLIST_KEY_UISupportedInterfaceOrientations_iPhone = "UIInterfaceOrientationPortrait UIInterfaceOrientationLandscapeLeft UIInterfaceOrientationLandscapeRight";
				IPHONEOS_DEPLOYMENT_TARGET = 16.0;
				LD_RUNPATH_SEARCH_PATHS = (
					"$(inherited)",
					"@executable_path/Frameworks",
				);
				MARKETING_VERSION = 1.0;
				PRODUCT_BUNDLE_IDENTIFIER = com.lonewolfnadhu.SwiftUI;
				PRODUCT_NAME = "$(TARGET_NAME)";
				SWIFT_EMIT_LOC_STRINGS = YES;
				SWIFT_VERSION = 5.0;
				TARGETED_DEVICE_FAMILY = "1,2";
			};
			name = Release;
		};
/* End XCBuildConfiguration section */

/* Begin XCConfigurationList section */
		A8D19CE029EC4AF000473ACE /* Build configuration list for PBXProject "Swift UI" */ = {
			isa = XCConfigurationList;
			buildConfigurations = (
				A8D19CF129EC4AF400473ACE /* Debug */,
				A8D19CF229EC4AF400473ACE /* Release */,
			);
			defaultConfigurationIsVisible = 0;
			defaultConfigurationName = Release;
		};
		A8D19CF329EC4AF400473ACE /* Build configuration list for PBXNativeTarget "Swift UI" */ = {
			isa = XCConfigurationList;
			buildConfigurations = (
				A8D19CF429EC4AF400473ACE /* Debug */,
				A8D19CF529EC4AF400473ACE /* Release */,
			);
			defaultConfigurationIsVisible = 0;
			defaultConfigurationName = Release;
		};
/* End XCConfigurationList section */
	};
	rootObject = A8D19CDD29EC4AF000473ACE /* Project object */;
}
