// !$*UTF8*$!
{
	archiveVersion = 1;
	classes = {
	};
	objectVersion = 56;
	objects = {

/* Begin PBXBuildFile section */
		A832E0DC29DB573F00ADDB88 /* SwiftUI_BasicsApp.swift in Sources */ = {isa = PBXBuildFile; fileRef = A832E0DB29DB573F00ADDB88 /* SwiftUI_BasicsApp.swift */; };
		A832E0DE29DB573F00ADDB88 /* ContentView.swift in Sources */ = {isa = PBXBuildFile; fileRef = A832E0DD29DB573F00ADDB88 /* ContentView.swift */; };
		A832E0E029DB574400ADDB88 /* Assets.xcassets in Resources */ = {isa = PBXBuildFile; fileRef = A832E0DF29DB574400ADDB88 /* Assets.xcassets */; };
		A832E0E329DB574400ADDB88 /* Preview Assets.xcassets in Resources */ = {isa = PBXBuildFile; fileRef = A832E0E229DB574400ADDB88 /* Preview Assets.xcassets */; };
		A8F3BC2429E49D220026DA5A /* TextSwiftUI.swift in Sources */ = {isa = PBXBuildFile; fileRef = A8F3BC2329E49D220026DA5A /* TextSwiftUI.swift */; };
		A8F3BC2629E4A2180026DA5A /* AboutSwiftUI.swift in Sources */ = {isa = PBXBuildFile; fileRef = A8F3BC2529E4A2180026DA5A /* AboutSwiftUI.swift */; };
		A8F3BC2829E4A4630026DA5A /* DetailView.swift in Sources */ = {isa = PBXBuildFile; fileRef = A8F3BC2729E4A4630026DA5A /* DetailView.swift */; };
/* End PBXBuildFile section */

/* Begin PBXFileReference section */
		A832E0D829DB573F00ADDB88 /* SwiftUI Basics.app */ = {isa = PBXFileReference; explicitFileType = wrapper.application; includeInIndex = 0; path = "SwiftUI Basics.app"; sourceTree = BUILT_PRODUCTS_DIR; };
		A832E0DB29DB573F00ADDB88 /* SwiftUI_BasicsApp.swift */ = {isa = PBXFileReference; lastKnownFileType = sourcecode.swift; path = SwiftUI_BasicsApp.swift; sourceTree = "<group>"; };
		A832E0DD29DB573F00ADDB88 /* ContentView.swift */ = {isa = PBXFileReference; lastKnownFileType = sourcecode.swift; path = ContentView.swift; sourceTree = "<group>"; };
		A832E0DF29DB574400ADDB88 /* Assets.xcassets */ = {isa = PBXFileReference; lastKnownFileType = folder.assetcatalog; path = Assets.xcassets; sourceTree = "<group>"; };
		A832E0E229DB574400ADDB88 /* Preview Assets.xcassets */ = {isa = PBXFileReference; lastKnownFileType = folder.assetcatalog; path = "Preview Assets.xcassets"; sourceTree = "<group>"; };
		A8F3BC2329E49D220026DA5A /* TextSwiftUI.swift */ = {isa = PBXFileReference; lastKnownFileType = sourcecode.swift; path = TextSwiftUI.swift; sourceTree = "<group>"; };
		A8F3BC2529E4A2180026DA5A /* AboutSwiftUI.swift */ = {isa = PBXFileReference; lastKnownFileType = sourcecode.swift; path = AboutSwiftUI.swift; sourceTree = "<group>"; };
		A8F3BC2729E4A4630026DA5A /* DetailView.swift */ = {isa = PBXFileReference; lastKnownFileType = sourcecode.swift; path = DetailView.swift; sourceTree = "<group>"; };
/* End PBXFileReference section */

/* Begin PBXFrameworksBuildPhase section */
		A832E0D529DB573F00ADDB88 /* Frameworks */ = {
			isa = PBXFrameworksBuildPhase;
			buildActionMask = 2147483647;
			files = (
			);
			runOnlyForDeploymentPostprocessing = 0;
		};
/* End PBXFrameworksBuildPhase section */

/* Begin PBXGroup section */
		A832E0CF29DB573F00ADDB88 = {
			isa = PBXGroup;
			children = (
				A832E0DA29DB573F00ADDB88 /* SwiftUI Basics */,
				A832E0D929DB573F00ADDB88 /* Products */,
			);
			sourceTree = "<group>";
		};
		A832E0D929DB573F00ADDB88 /* Products */ = {
			isa = PBXGroup;
			children = (
				A832E0D829DB573F00ADDB88 /* SwiftUI Basics.app */,
			);
			name = Products;
			sourceTree = "<group>";
		};
		A832E0DA29DB573F00ADDB88 /* SwiftUI Basics */ = {
			isa = PBXGroup;
			children = (
				A832E0DB29DB573F00ADDB88 /* SwiftUI_BasicsApp.swift */,
				A832E0DD29DB573F00ADDB88 /* ContentView.swift */,
				A8F3BC2329E49D220026DA5A /* TextSwiftUI.swift */,
				A832E0DF29DB574400ADDB88 /* Assets.xcassets */,
				A832E0E129DB574400ADDB88 /* Preview Content */,
				A8F3BC2529E4A2180026DA5A /* AboutSwiftUI.swift */,
				A8F3BC2729E4A4630026DA5A /* DetailView.swift */,
			);
			path = "SwiftUI Basics";
			sourceTree = "<group>";
		};
		A832E0E129DB574400ADDB88 /* Preview Content */ = {
			isa = PBXGroup;
			children = (
				A832E0E229DB574400ADDB88 /* Preview Assets.xcassets */,
			);
			path = "Preview Content";
			sourceTree = "<group>";
		};
/* End PBXGroup section */

/* Begin PBXNativeTarget section */
		A832E0D729DB573F00ADDB88 /* SwiftUI Basics */ = {
			isa = PBXNativeTarget;
			buildConfigurationList = A832E0E629DB574400ADDB88 /* Build configuration list for PBXNativeTarget "SwiftUI Basics" */;
			buildPhases = (
				A832E0D429DB573F00ADDB88 /* Sources */,
				A832E0D529DB573F00ADDB88 /* Frameworks */,
				A832E0D629DB573F00ADDB88 /* Resources */,
			);
			buildRules = (
			);
			dependencies = (
			);
			name = "SwiftUI Basics";
			productName = "SwiftUI Basics";
			productReference = A832E0D829DB573F00ADDB88 /* SwiftUI Basics.app */;
			productType = "com.apple.product-type.application";
		};
/* End PBXNativeTarget section */

/* Begin PBXProject section */
		A832E0D029DB573F00ADDB88 /* Project object */ = {
			isa = PBXProject;
			attributes = {
				BuildIndependentTargetsInParallel = 1;
				LastSwiftUpdateCheck = 1420;
				LastUpgradeCheck = 1420;
				TargetAttributes = {
					A832E0D729DB573F00ADDB88 = {
						CreatedOnToolsVersion = 14.2;
					};
				};
			};
			buildConfigurationList = A832E0D329DB573F00ADDB88 /* Build configuration list for PBXProject "SwiftUI Basics" */;
			compatibilityVersion = "Xcode 14.0";
			developmentRegion = en;
			hasScannedForEncodings = 0;
			knownRegions = (
				en,
				Base,
			);
			mainGroup = A832E0CF29DB573F00ADDB88;
			productRefGroup = A832E0D929DB573F00ADDB88 /* Products */;
			projectDirPath = "";
			projectRoot = "";
			targets = (
				A832E0D729DB573F00ADDB88 /* SwiftUI Basics */,
			);
		};
/* End PBXProject section */

/* Begin PBXResourcesBuildPhase section */
		A832E0D629DB573F00ADDB88 /* Resources */ = {
			isa = PBXResourcesBuildPhase;
			buildActionMask = 2147483647;
			files = (
				A832E0E329DB574400ADDB88 /* Preview Assets.xcassets in Resources */,
				A832E0E029DB574400ADDB88 /* Assets.xcassets in Resources */,
			);
			runOnlyForDeploymentPostprocessing = 0;
		};
/* End PBXResourcesBuildPhase section */

/* Begin PBXSourcesBuildPhase section */
		A832E0D429DB573F00ADDB88 /* Sources */ = {
			isa = PBXSourcesBuildPhase;
			buildActionMask = 2147483647;
			files = (
				A832E0DE29DB573F00ADDB88 /* ContentView.swift in Sources */,
				A8F3BC2429E49D220026DA5A /* TextSwiftUI.swift in Sources */,
				A832E0DC29DB573F00ADDB88 /* SwiftUI_BasicsApp.swift in Sources */,
				A8F3BC2829E4A4630026DA5A /* DetailView.swift in Sources */,
				A8F3BC2629E4A2180026DA5A /* AboutSwiftUI.swift in Sources */,
			);
			runOnlyForDeploymentPostprocessing = 0;
		};
/* End PBXSourcesBuildPhase section */

/* Begin XCBuildConfiguration section */
		A832E0E429DB574400ADDB88 /* Debug */ = {
			isa = XCBuildConfiguration;
			buildSettings = {
				ALWAYS_SEARCH_USER_PATHS = NO;
				CLANG_ANALYZER_NONNULL = YES;
				CLANG_ANALYZER_NUMBER_OBJECT_CONVERSION = YES_AGGRESSIVE;
				CLANG_CXX_LANGUAGE_STANDARD = "gnu++20";
				CLANG_ENABLE_MODULES = YES;
				CLANG_ENABLE_OBJC_ARC = YES;
				CLANG_ENABLE_OBJC_WEAK = YES;
				CLANG_WARN_BLOCK_CAPTURE_AUTORELEASING = YES;
				CLANG_WARN_BOOL_CONVERSION = YES;
				CLANG_WARN_COMMA = YES;
				CLANG_WARN_CONSTANT_CONVERSION = YES;
				CLANG_WARN_DEPRECATED_OBJC_IMPLEMENTATIONS = YES;
				CLANG_WARN_DIRECT_OBJC_ISA_USAGE = YES_ERROR;
				CLANG_WARN_DOCUMENTATION_COMMENTS = YES;
				CLANG_WARN_EMPTY_BODY = YES;
				CLANG_WARN_ENUM_CONVERSION = YES;
				CLANG_WARN_INFINITE_RECURSION = YES;
				CLANG_WARN_INT_CONVERSION = YES;
				CLANG_WARN_NON_LITERAL_NULL_CONVERSION = YES;
				CLANG_WARN_OBJC_IMPLICIT_RETAIN_SELF = YES;
				CLANG_WARN_OBJC_LITERAL_CONVERSION = YES;
				CLANG_WARN_OBJC_ROOT_CLASS = YES_ERROR;
				CLANG_WARN_QUOTED_INCLUDE_IN_FRAMEWORK_HEADER = YES;
				CLANG_WARN_RANGE_LOOP_ANALYSIS = YES;
				CLANG_WARN_STRICT_PROTOTYPES = YES;
				CLANG_WARN_SUSPICIOUS_MOVE = YES;
				CLANG_WARN_UNGUARDED_AVAILABILITY = YES_AGGRESSIVE;
				CLANG_WARN_UNREACHABLE_CODE = YES;
				CLANG_WARN__DUPLICATE_METHOD_MATCH = YES;
				COPY_PHASE_STRIP = NO;
				DEBUG_INFORMATION_FORMAT = dwarf;
				ENABLE_STRICT_OBJC_MSGSEND = YES;
				ENABLE_TESTABILITY = YES;
				GCC_C_LANGUAGE_STANDARD = gnu11;
				GCC_DYNAMIC_NO_PIC = NO;
				GCC_NO_COMMON_BLOCKS = YES;
				GCC_OPTIMIZATION_LEVEL = 0;
				GCC_PREPROCESSOR_DEFINITIONS = (
					"DEBUG=1",
					"$(inherited)",
				);
				GCC_WARN_64_TO_32_BIT_CONVERSION = YES;
				GCC_WARN_ABOUT_RETURN_TYPE = YES_ERROR;
				GCC_WARN_UNDECLARED_SELECTOR = YES;
				GCC_WARN_UNINITIALIZED_AUTOS = YES_AGGRESSIVE;
				GCC_WARN_UNUSED_FUNCTION = YES;
				GCC_WARN_UNUSED_VARIABLE = YES;
				IPHONEOS_DEPLOYMENT_TARGET = 16.2;
				MTL_ENABLE_DEBUG_INFO = INCLUDE_SOURCE;
				MTL_FAST_MATH = YES;
				ONLY_ACTIVE_ARCH = YES;
				SDKROOT = iphoneos;
				SWIFT_ACTIVE_COMPILATION_CONDITIONS = DEBUG;
				SWIFT_OPTIMIZATION_LEVEL = "-Onone";
			};
			name = Debug;
		};
		A832E0E529DB574400ADDB88 /* Release */ = {
			isa = XCBuildConfiguration;
			buildSettings = {
				ALWAYS_SEARCH_USER_PATHS = NO;
				CLANG_ANALYZER_NONNULL = YES;
				CLANG_ANALYZER_NUMBER_OBJECT_CONVERSION = YES_AGGRESSIVE;
				CLANG_CXX_LANGUAGE_STANDARD = "gnu++20";
				CLANG_ENABLE_MODULES = YES;
				CLANG_ENABLE_OBJC_ARC = YES;
				CLANG_ENABLE_OBJC_WEAK = YES;
				CLANG_WARN_BLOCK_CAPTURE_AUTORELEASING = YES;
				CLANG_WARN_BOOL_CONVERSION = YES;
				CLANG_WARN_COMMA = YES;
				CLANG_WARN_CONSTANT_CONVERSION = YES;
				CLANG_WARN_DEPRECATED_OBJC_IMPLEMENTATIONS = YES;
				CLANG_WARN_DIRECT_OBJC_ISA_USAGE = YES_ERROR;
				CLANG_WARN_DOCUMENTATION_COMMENTS = YES;
				CLANG_WARN_EMPTY_BODY = YES;
				CLANG_WARN_ENUM_CONVERSION = YES;
				CLANG_WARN_INFINITE_RECURSION = YES;
				CLANG_WARN_INT_CONVERSION = YES;
				CLANG_WARN_NON_LITERAL_NULL_CONVERSION = YES;
				CLANG_WARN_OBJC_IMPLICIT_RETAIN_SELF = YES;
				CLANG_WARN_OBJC_LITERAL_CONVERSION = YES;
				CLANG_WARN_OBJC_ROOT_CLASS = YES_ERROR;
				CLANG_WARN_QUOTED_INCLUDE_IN_FRAMEWORK_HEADER = YES;
				CLANG_WARN_RANGE_LOOP_ANALYSIS = YES;
				CLANG_WARN_STRICT_PROTOTYPES = YES;
				CLANG_WARN_SUSPICIOUS_MOVE = YES;
				CLANG_WARN_UNGUARDED_AVAILABILITY = YES_AGGRESSIVE;
				CLANG_WARN_UNREACHABLE_CODE = YES;
				CLANG_WARN__DUPLICATE_METHOD_MATCH = YES;
				COPY_PHASE_STRIP = NO;
				DEBUG_INFORMATION_FORMAT = "dwarf-with-dsym";
				ENABLE_NS_ASSERTIONS = NO;
				ENABLE_STRICT_OBJC_MSGSEND = YES;
				GCC_C_LANGUAGE_STANDARD = gnu11;
				GCC_NO_COMMON_BLOCKS = YES;
				GCC_WARN_64_TO_32_BIT_CONVERSION = YES;
				GCC_WARN_ABOUT_RETURN_TYPE = YES_ERROR;
				GCC_WARN_UNDECLARED_SELECTOR = YES;
				GCC_WARN_UNINITIALIZED_AUTOS = YES_AGGRESSIVE;
				GCC_WARN_UNUSED_FUNCTION = YES;
				GCC_WARN_UNUSED_VARIABLE = YES;
				IPHONEOS_DEPLOYMENT_TARGET = 16.2;
				MTL_ENABLE_DEBUG_INFO = NO;
				MTL_FAST_MATH = YES;
				SDKROOT = iphoneos;
				SWIFT_COMPILATION_MODE = wholemodule;
				SWIFT_OPTIMIZATION_LEVEL = "-O";
				VALIDATE_PRODUCT = YES;
			};
			name = Release;
		};
		A832E0E729DB574400ADDB88 /* Debug */ = {
			isa = XCBuildConfiguration;
			buildSettings = {
				ASSETCATALOG_COMPILER_APPICON_NAME = AppIcon;
				ASSETCATALOG_COMPILER_GLOBAL_ACCENT_COLOR_NAME = AccentColor;
				CODE_SIGN_STYLE = Automatic;
				CURRENT_PROJECT_VERSION = 1;
				DEVELOPMENT_ASSET_PATHS = "\"SwiftUI Basics/Preview Content\"";
				ENABLE_PREVIEWS = YES;
				GENERATE_INFOPLIST_FILE = YES;
				INFOPLIST_KEY_UIApplicationSceneManifest_Generation = YES;
				INFOPLIST_KEY_UIApplicationSupportsIndirectInputEvents = YES;
				INFOPLIST_KEY_UILaunchScreen_Generation = YES;
				INFOPLIST_KEY_UISupportedInterfaceOrientations_iPad = "UIInterfaceOrientationPortrait UIInterfaceOrientationPortraitUpsideDown UIInterfaceOrientationLandscapeLeft UIInterfaceOrientationLandscapeRight";
				INFOPLIST_KEY_UISupportedInterfaceOrientations_iPhone = "UIInterfaceOrientationPortrait UIInterfaceOrientationLandscapeLeft UIInterfaceOrientationLandscapeRight";
				LD_RUNPATH_SEARCH_PATHS = (
					"$(inherited)",
					"@executable_path/Frameworks",
				);
				MARKETING_VERSION = 1.0;
				PRODUCT_BUNDLE_IDENTIFIER = "com.lonewolfnadhu.SwiftUI-Basics";
				PRODUCT_NAME = "$(TARGET_NAME)";
				SWIFT_EMIT_LOC_STRINGS = YES;
				SWIFT_VERSION = 5.0;
				TARGETED_DEVICE_FAMILY = "1,2";
			};
			name = Debug;
		};
		A832E0E829DB574400ADDB88 /* Release */ = {
			isa = XCBuildConfiguration;
			buildSettings = {
				ASSETCATALOG_COMPILER_APPICON_NAME = AppIcon;
				ASSETCATALOG_COMPILER_GLOBAL_ACCENT_COLOR_NAME = AccentColor;
				CODE_SIGN_STYLE = Automatic;
				CURRENT_PROJECT_VERSION = 1;
				DEVELOPMENT_ASSET_PATHS = "\"SwiftUI Basics/Preview Content\"";
				ENABLE_PREVIEWS = YES;
				GENERATE_INFOPLIST_FILE = YES;
				INFOPLIST_KEY_UIApplicationSceneManifest_Generation = YES;
				INFOPLIST_KEY_UIApplicationSupportsIndirectInputEvents = YES;
				INFOPLIST_KEY_UILaunchScreen_Generation = YES;
				INFOPLIST_KEY_UISupportedInterfaceOrientations_iPad = "UIInterfaceOrientationPortrait UIInterfaceOrientationPortraitUpsideDown UIInterfaceOrientationLandscapeLeft UIInterfaceOrientationLandscapeRight";
				INFOPLIST_KEY_UISupportedInterfaceOrientations_iPhone = "UIInterfaceOrientationPortrait UIInterfaceOrientationLandscapeLeft UIInterfaceOrientationLandscapeRight";
				LD_RUNPATH_SEARCH_PATHS = (
					"$(inherited)",
					"@executable_path/Frameworks",
				);
				MARKETING_VERSION = 1.0;
				PRODUCT_BUNDLE_IDENTIFIER = "com.lonewolfnadhu.SwiftUI-Basics";
				PRODUCT_NAME = "$(TARGET_NAME)";
				SWIFT_EMIT_LOC_STRINGS = YES;
				SWIFT_VERSION = 5.0;
				TARGETED_DEVICE_FAMILY = "1,2";
			};
			name = Release;
		};
/* End XCBuildConfiguration section */

/* Begin XCConfigurationList section */
		A832E0D329DB573F00ADDB88 /* Build configuration list for PBXProject "SwiftUI Basics" */ = {
			isa = XCConfigurationList;
			buildConfigurations = (
				A832E0E429DB574400ADDB88 /* Debug */,
				A832E0E529DB574400ADDB88 /* Release */,
			);
			defaultConfigurationIsVisible = 0;
			defaultConfigurationName = Release;
		};
		A832E0E629DB574400ADDB88 /* Build configuration list for PBXNativeTarget "SwiftUI Basics" */ = {
			isa = XCConfigurationList;
			buildConfigurations = (
				A832E0E729DB574400ADDB88 /* Debug */,
				A832E0E829DB574400ADDB88 /* Release */,
			);
			defaultConfigurationIsVisible = 0;
			defaultConfigurationName = Release;
		};
/* End XCConfigurationList section */
	};
	rootObject = A832E0D029DB573F00ADDB88 /* Project object */;
}
